// !$*UTF8*$!
{
	archiveVersion = 1;
	classes = {
	};
	objectVersion = 50;
	objects = {

/* Begin PBXBuildFile section */
		B123153326315A12003237D0 /* MainViewController.swift in Sources */ = {isa = PBXBuildFile; fileRef = B123153226315A12003237D0 /* MainViewController.swift */; };
		C18CB30325F0C30200306B35 /* Model.swift in Sources */ = {isa = PBXBuildFile; fileRef = C18CB30225F0C30200306B35 /* Model.swift */; };
		C199FB8C25F0C12700B56B03 /* AppDelegate.swift in Sources */ = {isa = PBXBuildFile; fileRef = C199FB8B25F0C12700B56B03 /* AppDelegate.swift */; };
		C199FB8E25F0C12700B56B03 /* SceneDelegate.swift in Sources */ = {isa = PBXBuildFile; fileRef = C199FB8D25F0C12700B56B03 /* SceneDelegate.swift */; };
		C199FB9025F0C12700B56B03 /* ViewController.swift in Sources */ = {isa = PBXBuildFile; fileRef = C199FB8F25F0C12700B56B03 /* ViewController.swift */; };
		C199FB9325F0C12700B56B03 /* Main.storyboard in Resources */ = {isa = PBXBuildFile; fileRef = C199FB9125F0C12700B56B03 /* Main.storyboard */; };
		C199FB9525F0C12900B56B03 /* Assets.xcassets in Resources */ = {isa = PBXBuildFile; fileRef = C199FB9425F0C12900B56B03 /* Assets.xcassets */; };
		C199FB9825F0C12900B56B03 /* LaunchScreen.storyboard in Resources */ = {isa = PBXBuildFile; fileRef = C199FB9625F0C12900B56B03 /* LaunchScreen.storyboard */; };
		F10BA5D0265645F000E36D51 /* ViewControllerAddRoute.swift in Sources */ = {isa = PBXBuildFile; fileRef = F10BA5CF265645F000E36D51 /* ViewControllerAddRoute.swift */; };
/* End PBXBuildFile section */

/* Begin PBXFileReference section */
		B123153226315A12003237D0 /* MainViewController.swift */ = {isa = PBXFileReference; lastKnownFileType = sourcecode.swift; path = MainViewController.swift; sourceTree = "<group>"; };
		C18CB30225F0C30200306B35 /* Model.swift */ = {isa = PBXFileReference; lastKnownFileType = sourcecode.swift; path = Model.swift; sourceTree = "<group>"; };
		C199FB8825F0C12700B56B03 /* forestTrail_Prototype01.app */ = {isa = PBXFileReference; explicitFileType = wrapper.application; includeInIndex = 0; path = forestTrail_Prototype01.app; sourceTree = BUILT_PRODUCTS_DIR; };
		C199FB8B25F0C12700B56B03 /* AppDelegate.swift */ = {isa = PBXFileReference; lastKnownFileType = sourcecode.swift; path = AppDelegate.swift; sourceTree = "<group>"; };
		C199FB8D25F0C12700B56B03 /* SceneDelegate.swift */ = {isa = PBXFileReference; lastKnownFileType = sourcecode.swift; path = SceneDelegate.swift; sourceTree = "<group>"; };
		C199FB8F25F0C12700B56B03 /* ViewController.swift */ = {isa = PBXFileReference; lastKnownFileType = sourcecode.swift; path = ViewController.swift; sourceTree = "<group>"; };
		C199FB9225F0C12700B56B03 /* Base */ = {isa = PBXFileReference; lastKnownFileType = file.storyboard; name = Base; path = Base.lproj/Main.storyboard; sourceTree = "<group>"; };
		C199FB9425F0C12900B56B03 /* Assets.xcassets */ = {isa = PBXFileReference; lastKnownFileType = folder.assetcatalog; path = Assets.xcassets; sourceTree = "<group>"; };
		C199FB9725F0C12900B56B03 /* Base */ = {isa = PBXFileReference; lastKnownFileType = file.storyboard; name = Base; path = Base.lproj/LaunchScreen.storyboard; sourceTree = "<group>"; };
		C199FB9925F0C12900B56B03 /* Info.plist */ = {isa = PBXFileReference; lastKnownFileType = text.plist.xml; path = Info.plist; sourceTree = "<group>"; };
		F10BA5CF265645F000E36D51 /* ViewControllerAddRoute.swift */ = {isa = PBXFileReference; fileEncoding = 4; lastKnownFileType = sourcecode.swift; path = ViewControllerAddRoute.swift; sourceTree = "<group>"; };
/* End PBXFileReference section */

/* Begin PBXFrameworksBuildPhase section */
		C199FB8525F0C12700B56B03 /* Frameworks */ = {
			isa = PBXFrameworksBuildPhase;
			buildActionMask = 2147483647;
			files = (
			);
			runOnlyForDeploymentPostprocessing = 0;
		};
/* End PBXFrameworksBuildPhase section */

/* Begin PBXGroup section */
		C199FB7F25F0C12700B56B03 = {
			isa = PBXGroup;
			children = (
				C199FB8A25F0C12700B56B03 /* forestTrail_Prototype01 */,
				C199FB8925F0C12700B56B03 /* Products */,
			);
			sourceTree = "<group>";
		};
		C199FB8925F0C12700B56B03 /* Products */ = {
			isa = PBXGroup;
			children = (
				C199FB8825F0C12700B56B03 /* forestTrail_Prototype01.app */,
			);
			name = Products;
			sourceTree = "<group>";
		};
		C199FB8A25F0C12700B56B03 /* forestTrail_Prototype01 */ = {
			isa = PBXGroup;
			children = (
				F10BA5CF265645F000E36D51 /* ViewControllerAddRoute.swift */,
				C199FB8B25F0C12700B56B03 /* AppDelegate.swift */,
				C199FB8D25F0C12700B56B03 /* SceneDelegate.swift */,
				C199FB8F25F0C12700B56B03 /* ViewController.swift */,
				C199FB9125F0C12700B56B03 /* Main.storyboard */,
				B123153226315A12003237D0 /* MainViewController.swift */,
				C199FB9425F0C12900B56B03 /* Assets.xcassets */,
				C199FB9625F0C12900B56B03 /* LaunchScreen.storyboard */,
				C199FB9925F0C12900B56B03 /* Info.plist */,
				C18CB30225F0C30200306B35 /* Model.swift */,
			);
			path = forestTrail_Prototype01;
			sourceTree = "<group>";
		};
/* End PBXGroup section */

/* Begin PBXNativeTarget section */
		C199FB8725F0C12700B56B03 /* forestTrail_Prototype01 */ = {
			isa = PBXNativeTarget;
			buildConfigurationList = C199FB9C25F0C12900B56B03 /* Build configuration list for PBXNativeTarget "forestTrail_Prototype01" */;
			buildPhases = (
				C199FB8425F0C12700B56B03 /* Sources */,
				C199FB8525F0C12700B56B03 /* Frameworks */,
				C199FB8625F0C12700B56B03 /* Resources */,
			);
			buildRules = (
			);
			dependencies = (
			);
			name = forestTrail_Prototype01;
			productName = forestTrail_Prototype01;
			productReference = C199FB8825F0C12700B56B03 /* forestTrail_Prototype01.app */;
			productType = "com.apple.product-type.application";
		};
/* End PBXNativeTarget section */

/* Begin PBXProject section */
		C199FB8025F0C12700B56B03 /* Project object */ = {
			isa = PBXProject;
			attributes = {
				LastSwiftUpdateCheck = 1220;
				LastUpgradeCheck = 1220;
				TargetAttributes = {
					C199FB8725F0C12700B56B03 = {
						CreatedOnToolsVersion = 12.2;
					};
				};
			};
			buildConfigurationList = C199FB8325F0C12700B56B03 /* Build configuration list for PBXProject "forestTrail_Prototype01" */;
			compatibilityVersion = "Xcode 9.3";
			developmentRegion = en;
			hasScannedForEncodings = 0;
			knownRegions = (
				en,
				Base,
			);
			mainGroup = C199FB7F25F0C12700B56B03;
			productRefGroup = C199FB8925F0C12700B56B03 /* Products */;
			projectDirPath = "";
			projectRoot = "";
			targets = (
				C199FB8725F0C12700B56B03 /* forestTrail_Prototype01 */,
			);
		};
/* End PBXProject section */

/* Begin PBXResourcesBuildPhase section */
		C199FB8625F0C12700B56B03 /* Resources */ = {
			isa = PBXResourcesBuildPhase;
			buildActionMask = 2147483647;
			files = (
				C199FB9825F0C12900B56B03 /* LaunchScreen.storyboard in Resources */,
				C199FB9525F0C12900B56B03 /* Assets.xcassets in Resources */,
				C199FB9325F0C12700B56B03 /* Main.storyboard in Resources */,
			);
			runOnlyForDeploymentPostprocessing = 0;
		};
/* End PBXResourcesBuildPhase section */

/* Begin PBXSourcesBuildPhase section */
		C199FB8425F0C12700B56B03 /* Sources */ = {
			isa = PBXSourcesBuildPhase;
			buildActionMask = 2147483647;
			files = (
				C199FB9025F0C12700B56B03 /* ViewController.swift in Sources */,
				C199FB8C25F0C12700B56B03 /* AppDelegate.swift in Sources */,
				F10BA5D0265645F000E36D51 /* ViewControllerAddRoute.swift in Sources */,
				C199FB8E25F0C12700B56B03 /* SceneDelegate.swift in Sources */,
				C18CB30325F0C30200306B35 /* Model.swift in Sources */,
				B123153326315A12003237D0 /* MainViewController.swift in Sources */,
			);
			runOnlyForDeploymentPostprocessing = 0;
		};
/* End PBXSourcesBuildPhase section */

/* Begin PBXVariantGroup section */
		C199FB9125F0C12700B56B03 /* Main.storyboard */ = {
			isa = PBXVariantGroup;
			children = (
				C199FB9225F0C12700B56B03 /* Base */,
			);
			name = Main.storyboard;
			sourceTree = "<group>";
		};
		C199FB9625F0C12900B56B03 /* LaunchScreen.storyboard */ = {
			isa = PBXVariantGroup;
			children = (
				C199FB9725F0C12900B56B03 /* Base */,
			);
			name = LaunchScreen.storyboard;
			sourceTree = "<group>";
		};
/* End PBXVariantGroup section */

/* Begin XCBuildConfiguration section */
		C199FB9A25F0C12900B56B03 /* Debug */ = {
			isa = XCBuildConfiguration;
			buildSettings = {
				ALWAYS_SEARCH_USER_PATHS = NO;
				CLANG_ANALYZER_NONNULL = YES;
				CLANG_ANALYZER_NUMBER_OBJECT_CONVERSION = YES_AGGRESSIVE;
				CLANG_CXX_LANGUAGE_STANDARD = "gnu++14";
				CLANG_CXX_LIBRARY = "libc++";
				CLANG_ENABLE_MODULES = YES;
				CLANG_ENABLE_OBJC_ARC = YES;
				CLANG_ENABLE_OBJC_WEAK = YES;
				CLANG_WARN_BLOCK_CAPTURE_AUTORELEASING = YES;
				CLANG_WARN_BOOL_CONVERSION = YES;
				CLANG_WARN_COMMA = YES;
				CLANG_WARN_CONSTANT_CONVERSION = YES;
				CLANG_WARN_DEPRECATED_OBJC_IMPLEMENTATIONS = YES;
				CLANG_WARN_DIRECT_OBJC_ISA_USAGE = YES_ERROR;
				CLANG_WARN_DOCUMENTATION_COMMENTS = YES;
				CLANG_WARN_EMPTY_BODY = YES;
				CLANG_WARN_ENUM_CONVERSION = YES;
				CLANG_WARN_INFINITE_RECURSION = YES;
				CLANG_WARN_INT_CONVERSION = YES;
				CLANG_WARN_NON_LITERAL_NULL_CONVERSION = YES;
				CLANG_WARN_OBJC_IMPLICIT_RETAIN_SELF = YES;
				CLANG_WARN_OBJC_LITERAL_CONVERSION = YES;
				CLANG_WARN_OBJC_ROOT_CLASS = YES_ERROR;
				CLANG_WARN_QUOTED_INCLUDE_IN_FRAMEWORK_HEADER = YES;
				CLANG_WARN_RANGE_LOOP_ANALYSIS = YES;
				CLANG_WARN_STRICT_PROTOTYPES = YES;
				CLANG_WARN_SUSPICIOUS_MOVE = YES;
				CLANG_WARN_UNGUARDED_AVAILABILITY = YES_AGGRESSIVE;
				CLANG_WARN_UNREACHABLE_CODE = YES;
				CLANG_WARN__DUPLICATE_METHOD_MATCH = YES;
				COPY_PHASE_STRIP = NO;
				DEBUG_INFORMATION_FORMAT = dwarf;
				ENABLE_STRICT_OBJC_MSGSEND = YES;
				ENABLE_TESTABILITY = YES;
				GCC_C_LANGUAGE_STANDARD = gnu11;
				GCC_DYNAMIC_NO_PIC = NO;
				GCC_NO_COMMON_BLOCKS = YES;
				GCC_OPTIMIZATION_LEVEL = 0;
				GCC_PREPROCESSOR_DEFINITIONS = (
					"DEBUG=1",
					"$(inherited)",
				);
				GCC_WARN_64_TO_32_BIT_CONVERSION = YES;
				GCC_WARN_ABOUT_RETURN_TYPE = YES_ERROR;
				GCC_WARN_UNDECLARED_SELECTOR = YES;
				GCC_WARN_UNINITIALIZED_AUTOS = YES_AGGRESSIVE;
				GCC_WARN_UNUSED_FUNCTION = YES;
				GCC_WARN_UNUSED_VARIABLE = YES;
				IPHONEOS_DEPLOYMENT_TARGET = 14.2;
				MTL_ENABLE_DEBUG_INFO = INCLUDE_SOURCE;
				MTL_FAST_MATH = YES;
				ONLY_ACTIVE_ARCH = YES;
				SDKROOT = iphoneos;
				SWIFT_ACTIVE_COMPILATION_CONDITIONS = DEBUG;
				SWIFT_OPTIMIZATION_LEVEL = "-Onone";
			};
			name = Debug;
		};
		C199FB9B25F0C12900B56B03 /* Release */ = {
			isa = XCBuildConfiguration;
			buildSettings = {
				ALWAYS_SEARCH_USER_PATHS = NO;
				CLANG_ANALYZER_NONNULL = YES;
				CLANG_ANALYZER_NUMBER_OBJECT_CONVERSION = YES_AGGRESSIVE;
				CLANG_CXX_LANGUAGE_STANDARD = "gnu++14";
				CLANG_CXX_LIBRARY = "libc++";
				CLANG_ENABLE_MODULES = YES;
				CLANG_ENABLE_OBJC_ARC = YES;
				CLANG_ENABLE_OBJC_WEAK = YES;
				CLANG_WARN_BLOCK_CAPTURE_AUTORELEASING = YES;
				CLANG_WARN_BOOL_CONVERSION = YES;
				CLANG_WARN_COMMA = YES;
				CLANG_WARN_CONSTANT_CONVERSION = YES;
				CLANG_WARN_DEPRECATED_OBJC_IMPLEMENTATIONS = YES;
				CLANG_WARN_DIRECT_OBJC_ISA_USAGE = YES_ERROR;
				CLANG_WARN_DOCUMENTATION_COMMENTS = YES;
				CLANG_WARN_EMPTY_BODY = YES;
				CLANG_WARN_ENUM_CONVERSION = YES;
				CLANG_WARN_INFINITE_RECURSION = YES;
				CLANG_WARN_INT_CONVERSION = YES;
				CLANG_WARN_NON_LITERAL_NULL_CONVERSION = YES;
				CLANG_WARN_OBJC_IMPLICIT_RETAIN_SELF = YES;
				CLANG_WARN_OBJC_LITERAL_CONVERSION = YES;
				CLANG_WARN_OBJC_ROOT_CLASS = YES_ERROR;
				CLANG_WARN_QUOTED_INCLUDE_IN_FRAMEWORK_HEADER = YES;
				CLANG_WARN_RANGE_LOOP_ANALYSIS = YES;
				CLANG_WARN_STRICT_PROTOTYPES = YES;
				CLANG_WARN_SUSPICIOUS_MOVE = YES;
				CLANG_WARN_UNGUARDED_AVAILABILITY = YES_AGGRESSIVE;
				CLANG_WARN_UNREACHABLE_CODE = YES;
				CLANG_WARN__DUPLICATE_METHOD_MATCH = YES;
				COPY_PHASE_STRIP = NO;
				DEBUG_INFORMATION_FORMAT = "dwarf-with-dsym";
				ENABLE_NS_ASSERTIONS = NO;
				ENABLE_STRICT_OBJC_MSGSEND = YES;
				GCC_C_LANGUAGE_STANDARD = gnu11;
				GCC_NO_COMMON_BLOCKS = YES;
				GCC_WARN_64_TO_32_BIT_CONVERSION = YES;
				GCC_WARN_ABOUT_RETURN_TYPE = YES_ERROR;
				GCC_WARN_UNDECLARED_SELECTOR = YES;
				GCC_WARN_UNINITIALIZED_AUTOS = YES_AGGRESSIVE;
				GCC_WARN_UNUSED_FUNCTION = YES;
				GCC_WARN_UNUSED_VARIABLE = YES;
				IPHONEOS_DEPLOYMENT_TARGET = 14.2;
				MTL_ENABLE_DEBUG_INFO = NO;
				MTL_FAST_MATH = YES;
				SDKROOT = iphoneos;
				SWIFT_COMPILATION_MODE = wholemodule;
				SWIFT_OPTIMIZATION_LEVEL = "-O";
				VALIDATE_PRODUCT = YES;
			};
			name = Release;
		};
		C199FB9D25F0C12900B56B03 /* Debug */ = {
			isa = XCBuildConfiguration;
			buildSettings = {
				ASSETCATALOG_COMPILER_APPICON_NAME = AppIcon;
				ASSETCATALOG_COMPILER_GLOBAL_ACCENT_COLOR_NAME = AccentColor;
				CODE_SIGN_STYLE = Automatic;
				INFOPLIST_FILE = forestTrail_Prototype01/Info.plist;
				LD_RUNPATH_SEARCH_PATHS = (
					"$(inherited)",
					"@executable_path/Frameworks",
				);
				PRODUCT_BUNDLE_IDENTIFIER = "at.htl.forestTrail-Prototype01";
				PRODUCT_NAME = "$(TARGET_NAME)";
				SWIFT_VERSION = 5.0;
				TARGETED_DEVICE_FAMILY = "1,2";
			};
			name = Debug;
		};
		C199FB9E25F0C12900B56B03 /* Release */ = {
			isa = XCBuildConfiguration;
			buildSettings = {
				ASSETCATALOG_COMPILER_APPICON_NAME = AppIcon;
				ASSETCATALOG_COMPILER_GLOBAL_ACCENT_COLOR_NAME = AccentColor;
				CODE_SIGN_STYLE = Automatic;
				INFOPLIST_FILE = forestTrail_Prototype01/Info.plist;
				LD_RUNPATH_SEARCH_PATHS = (
					"$(inherited)",
					"@executable_path/Frameworks",
				);
				PRODUCT_BUNDLE_IDENTIFIER = "at.htl.forestTrail-Prototype01";
				PRODUCT_NAME = "$(TARGET_NAME)";
				SWIFT_VERSION = 5.0;
				TARGETED_DEVICE_FAMILY = "1,2";
			};
			name = Release;
		};
/* End XCBuildConfiguration section */

/* Begin XCConfigurationList section */
		C199FB8325F0C12700B56B03 /* Build configuration list for PBXProject "forestTrail_Prototype01" */ = {
			isa = XCConfigurationList;
			buildConfigurations = (
				C199FB9A25F0C12900B56B03 /* Debug */,
				C199FB9B25F0C12900B56B03 /* Release */,
			);
			defaultConfigurationIsVisible = 0;
			defaultConfigurationName = Release;
		};
		C199FB9C25F0C12900B56B03 /* Build configuration list for PBXNativeTarget "forestTrail_Prototype01" */ = {
			isa = XCConfigurationList;
			buildConfigurations = (
				C199FB9D25F0C12900B56B03 /* Debug */,
				C199FB9E25F0C12900B56B03 /* Release */,
			);
			defaultConfigurationIsVisible = 0;
			defaultConfigurationName = Release;
		};
/* End XCConfigurationList section */
	};
	rootObject = C199FB8025F0C12700B56B03 /* Project object */;
}
